<?xml version="1.0" encoding="UTF-8" standalone="yes" ?>
<CodeBlocks_project_file>
	<FileVersion major="1" minor="6" />
	<Project>
		<Option title="octetos-db-maria" />
		<Option pch_mode="2" />
		<Option compiler="gcc" />
		<Option extended_obj_names="1" />
		<Build>
			<Target title="Debug">
				<Option output="bin/Debug/liboctetos-db-maria.dll" prefix_auto="0" extension_auto="0" />
				<Option object_output="obj/Debug/" />
				<Option type="3" />
				<Option compiler="gcc" />
				<Compiler>
					<Add option="-fPIC" />
					<Add option="-g" />
					<Add option="-DOCTETOS_DB_MEDIUMWORD" />
					<Add option="-DMSYS2" />
					<Add directory="../../octetos" />
				</Compiler>
				<Linker>
					<Add option="`pkg-config libmariadb --libs`" />
					<Add library="octetos-core" />
					<Add library="octetos-db-abstract" />
					<Add directory="../core/bin/Debug" />
					<Add directory="../db-abstract/bin/Debug" />
				</Linker>
			</Target>
			<Target title="Release">
				<Option output="bin/Release/liboctetos-db-maria" prefix_auto="1" extension_auto="1" />
				<Option object_output="obj/Release/" />
				<Option type="3" />
				<Option compiler="gcc" />
				<Option createDefFile="1" />
				<Option createStaticLib="1" />
				<Compiler>
					<Add option="-O2" />
					<Add option="-DOCTETOS_DB_MEDIUMWORD" />
					<Add option="-DMSYS2" />
					<Add directory="../core/src" />
					<Add directory="../db-abstract/src" />
				</Compiler>
				<Linker>
					<Add option="-O2 `pkg-config libmariadb --libs`" />
					<Add library="octetos-core" />
					<Add library="octetos-db-abstract" />
					<Add directory="../core/bin/Release" />
					<Add directory="../db-abstract/bin/Release" />
				</Linker>
			</Target>
		</Build>
		<Compiler>
			<Add option="-Wall" />
			<Add option="-fexceptions" />
		</Compiler>
		<Unit filename="src/clientdb-maria.cc" />
		<Unit filename="src/clientdb-maria.hh" />
		<Unit filename="src/config-cb.h" />
		<Extensions />
	</Project>
</CodeBlocks_project_file>
